
Microsoft Visual Studio Solution File, Format Version 12.00
# Visual Studio 15
VisualStudioVersion = 15.0.28307.2017
MinimumVisualStudioVersion = 10.0.40219.1
Project("{FAE04EC0-301F-11D3-BF4B-00C04F79EFBC}") = "tugasUAS", "tugasUAS\tugasUAS.csproj", "{77A75881-CE06-4F5F-B7F5-50B42303F59B}"
EndProject
Global
	GlobalSection(SolutionConfigurationPlatforms) = preSolution
		Debug|Any CPU = Debug|Any CPU
		Release|Any CPU = Release|Any CPU
	EndGlobalSection
	GlobalSection(ProjectConfigurationPlatforms) = postSolution
		{77A75881-CE06-4F5F-B7F5-50B42303F59B}.Debug|Any CPU.ActiveCfg = Debug|Any CPU
		{77A75881-CE06-4F5F-B7F5-50B42303F59B}.Debug|Any CPU.Build.0 = Debug|Any CPU
		{77A75881-CE06-4F5F-B7F5-50B42303F59B}.Release|Any CPU.ActiveCfg = Release|Any CPU
		{77A75881-CE06-4F5F-B7F5-50B42303F59B}.Release|Any CPU.Build.0 = Release|Any CPU
	EndGlobalSection
	GlobalSection(SolutionProperties) = preSolution
		HideSolutionNode = FALSE
	EndGlobalSection
	GlobalSection(ExtensibilityGlobals) = postSolution
		SolutionGuid = {3E0F983D-B73B-49C3-A56F-B9689E62C3B1}
	EndGlobalSection
EndGlobal
